
Microsoft Visual Studio Solution File, Format Version 12.00
# Visual Studio Version 17
VisualStudioVersion = 17.5.33516.290
MinimumVisualStudioVersion = 10.0.40219.1
Project("{8BC9CEB8-8B4A-11D0-8D11-00A0C91BC942}") = "dZ6", "dZ6\dZ6.vcxproj", "{F652CE50-4313-4B0D-8B21-7A45EADD97B8}"
EndProject
Project("{8BC9CEB8-8B4A-11D0-8D11-00A0C91BC942}") = "6.1", "6.1\6.1.vcxproj", "{FECD98AF-3B5C-4F93-90D9-B367A07BAF77}"
EndProject
Project("{8BC9CEB8-8B4A-11D0-8D11-00A0C91BC942}") = "6.2", "6.2\6.2.vcxproj", "{EC2FED16-5434-435C-A56A-4FB219A9CD54}"
EndProject
Global
	GlobalSection(SolutionConfigurationPlatforms) = preSolution
		Debug|x64 = Debug|x64
		Debug|x86 = Debug|x86
		Release|x64 = Release|x64
		Release|x86 = Release|x86
	EndGlobalSection
	GlobalSection(ProjectConfigurationPlatforms) = postSolution
		{F652CE50-4313-4B0D-8B21-7A45EADD97B8}.Debug|x64.ActiveCfg = Debug|x64
		{F652CE50-4313-4B0D-8B21-7A45EADD97B8}.Debug|x64.Build.0 = Debug|x64
		{F652CE50-4313-4B0D-8B21-7A45EADD97B8}.Debug|x86.ActiveCfg = Debug|Win32
		{F652CE50-4313-4B0D-8B21-7A45EADD97B8}.Debug|x86.Build.0 = Debug|Win32
		{F652CE50-4313-4B0D-8B21-7A45EADD97B8}.Release|x64.ActiveCfg = Release|x64
		{F652CE50-4313-4B0D-8B21-7A45EADD97B8}.Release|x64.Build.0 = Release|x64
		{F652CE50-4313-4B0D-8B21-7A45EADD97B8}.Release|x86.ActiveCfg = Release|Win32
		{F652CE50-4313-4B0D-8B21-7A45EADD97B8}.Release|x86.Build.0 = Release|Win32
		{FECD98AF-3B5C-4F93-90D9-B367A07BAF77}.Debug|x64.ActiveCfg = Debug|x64
		{FECD98AF-3B5C-4F93-90D9-B367A07BAF77}.Debug|x64.Build.0 = Debug|x64
		{FECD98AF-3B5C-4F93-90D9-B367A07BAF77}.Debug|x86.ActiveCfg = Debug|Win32
		{FECD98AF-3B5C-4F93-90D9-B367A07BAF77}.Debug|x86.Build.0 = Debug|Win32
		{FECD98AF-3B5C-4F93-90D9-B367A07BAF77}.Release|x64.ActiveCfg = Release|x64
		{FECD98AF-3B5C-4F93-90D9-B367A07BAF77}.Release|x64.Build.0 = Release|x64
		{FECD98AF-3B5C-4F93-90D9-B367A07BAF77}.Release|x86.ActiveCfg = Release|Win32
		{FECD98AF-3B5C-4F93-90D9-B367A07BAF77}.Release|x86.Build.0 = Release|Win32
		{EC2FED16-5434-435C-A56A-4FB219A9CD54}.Debug|x64.ActiveCfg = Debug|x64
		{EC2FED16-5434-435C-A56A-4FB219A9CD54}.Debug|x64.Build.0 = Debug|x64
		{EC2FED16-5434-435C-A56A-4FB219A9CD54}.Debug|x86.ActiveCfg = Debug|Win32
		{EC2FED16-5434-435C-A56A-4FB219A9CD54}.Debug|x86.Build.0 = Debug|Win32
		{EC2FED16-5434-435C-A56A-4FB219A9CD54}.Release|x64.ActiveCfg = Release|x64
		{EC2FED16-5434-435C-A56A-4FB219A9CD54}.Release|x64.Build.0 = Release|x64
		{EC2FED16-5434-435C-A56A-4FB219A9CD54}.Release|x86.ActiveCfg = Release|Win32
		{EC2FED16-5434-435C-A56A-4FB219A9CD54}.Release|x86.Build.0 = Release|Win32
	EndGlobalSection
	GlobalSection(SolutionProperties) = preSolution
		HideSolutionNode = FALSE
	EndGlobalSection
	GlobalSection(ExtensibilityGlobals) = postSolution
		SolutionGuid = {D3503BB4-BC1D-44EC-8C72-7467ECFFD639}
	EndGlobalSection
EndGlobal
